
Microsoft Visual Studio Solution File, Format Version 12.00
# Visual Studio Version 16
VisualStudioVersion = 16.0.28822.285
MinimumVisualStudioVersion = 10.0.40219.1
Project("{FAE04EC0-301F-11D3-BF4B-00C04F79EFBC}") = "KeyValueStore", "KeyValueStore\KeyValueStore.csproj", "{760DB35B-7DCE-4FFA-9ADD-5F0B79F79855}"
EndProject
Global
	GlobalSection(SolutionConfigurationPlatforms) = preSolution
		Debug|Any CPU = Debug|Any CPU
		Release|Any CPU = Release|Any CPU
	EndGlobalSection
	GlobalSection(ProjectConfigurationPlatforms) = postSolution
		{760DB35B-7DCE-4FFA-9ADD-5F0B79F79855}.Debug|Any CPU.ActiveCfg = Debug|Any CPU
		{760DB35B-7DCE-4FFA-9ADD-5F0B79F79855}.Debug|Any CPU.Build.0 = Debug|Any CPU
		{760DB35B-7DCE-4FFA-9ADD-5F0B79F79855}.Release|Any CPU.ActiveCfg = Release|Any CPU
		{760DB35B-7DCE-4FFA-9ADD-5F0B79F79855}.Release|Any CPU.Build.0 = Release|Any CPU
	EndGlobalSection
	GlobalSection(SolutionProperties) = preSolution
		HideSolutionNode = FALSE
	EndGlobalSection
	GlobalSection(ExtensibilityGlobals) = postSolution
		SolutionGuid = {777AB601-6CD1-45F9-ADF6-C50CA046AA77}
	EndGlobalSection
EndGlobal
